# This file was autogenerated by uv via the following command:
#    uv pip compile --output-file=uv.lock requirements.txt
boto3==1.37.19
    # via
    #   -r requirements.txt
    #   ocr-lista-escolar
boto3-stubs==1.37.19
    # via
    #   -r requirements.txt
    #   ocr-lista-escolar
botocore==1.37.19
    # via
    #   -r requirements.txt
    #   boto3
    #   s3transfer
botocore-stubs==1.37.19
    # via
    #   -r requirements.txt
    #   boto3-stubs
jmespath==1.0.1
    # via
    #   -r requirements.txt
    #   boto3
    #   botocore
mypy-boto3-textract==1.37.0
    # via
    #   -r requirements.txt
    #   boto3-stubs
ocr-lista-escolar @ file:///C:/Users/rafae/Projetos/Analise%20avan%C3%A7ada%20de%20imagens-Rafael%20Dias
    # via -r requirements.txt
python-dateutil==2.9.0.post0
    # via
    #   -r requirements.txt
    #   botocore
s3transfer==0.11.4
    # via
    #   -r requirements.txt
    #   boto3
six==1.17.0
    # via
    #   -r requirements.txt
    #   python-dateutil
types-awscrt==0.24.2
    # via
    #   -r requirements.txt
    #   botocore-stubs
types-s3transfer==0.11.4
    # via
    #   -r requirements.txt
    #   boto3-stubs
urllib3==2.3.0
    # via
    #   -r requirements.txt
    #   botocore
uv==0.6.9
    # via -r requirements.txt
